PODS:
  - AWSCognitoIdentityProvider (2.6.26):
    - AWSCognitoIdentityProviderASF (= 1.0.1)
    - AWSCore (= 2.6.26)
  - AWSCognitoIdentityProviderASF (1.0.1)
  - AWSCore (2.6.26)
  - AWSDynamoDB (2.6.26):
    - AWSCore (= 2.6.26)
  - AWSPinpoint (2.6.26):
    - AWSCore (= 2.6.26)
  - AWSS3 (2.6.26):
    - AWSCore (= 2.6.26)
  - DeviceKit (1.7.0)
  - EPSignature (1.0.6)
  - GGLInstanceID (1.2.1)
  - Google/Analytics (2.0.4):
    - Google/Core
    - GoogleAnalytics (~> 3.12)
  - Google/CloudMessaging (2.0.4):
    - GGLInstanceID (~> 1.0)
    - Google/Core
    - GoogleCloudMessaging (~> 1.0)
  - Google/Core (2.0.4):
    - GoogleInterchangeUtilities (~> 1.0)
    - GoogleNetworkingUtilities (~> 1.0)
    - GoogleSymbolUtilities (~> 1.0)
    - GoogleUtilities (~> 1.1)
  - GoogleAnalytics (3.17.0)
  - GoogleAPIClientForREST/Calendar (1.3.5):
    - GoogleAPIClientForREST/Core
    - GTMSessionFetcher (>= 1.1.7)
  - GoogleAPIClientForREST/Core (1.3.5):
    - GTMSessionFetcher (>= 1.1.7)
  - GoogleCloudMessaging (1.2.0):
    - GoogleInterchangeUtilities (~> 1.0)
    - GoogleIPhoneUtilities (~> 1.0)
    - GoogleSymbolUtilities (~> 1.0)
  - GoogleInterchangeUtilities (1.2.2):
    - GoogleSymbolUtilities (~> 1.1)
  - GoogleIPhoneUtilities (1.2.1):
    - GoogleSymbolUtilities (~> 1.0)
    - GoogleUtilities (~> 1.0)
  - GoogleMaps (2.7.0):
    - GoogleMaps/Maps (= 2.7.0)
  - GoogleMaps/Base (2.7.0)
  - GoogleMaps/Maps (2.7.0):
    - GoogleMaps/Base
  - GoogleNetworkingUtilities (1.2.2):
    - GoogleSymbolUtilities (~> 1.1)
  - GooglePlacePicker (2.7.0):
    - GoogleMaps (= 2.7.0)
    - GooglePlaces (= 2.7.0)
  - GooglePlaces (2.7.0):
    - GoogleMaps/Base (= 2.7.0)
  - GoogleSignIn (4.1.2):
    - "GoogleToolboxForMac/NSDictionary+URLArguments (~> 2.1)"
    - "GoogleToolboxForMac/NSString+URLArguments (~> 2.1)"
    - GTMOAuth2 (~> 1.0)
    - GTMSessionFetcher/Core (~> 1.1)
  - GoogleSymbolUtilities (1.1.2)
  - GoogleToolboxForMac/DebugUtils (2.1.4):
    - GoogleToolboxForMac/Defines (= 2.1.4)
  - GoogleToolboxForMac/Defines (2.1.4)
  - "GoogleToolboxForMac/NSDictionary+URLArguments (2.1.4)":
    - GoogleToolboxForMac/DebugUtils (= 2.1.4)
    - GoogleToolboxForMac/Defines (= 2.1.4)
    - "GoogleToolboxForMac/NSString+URLArguments (= 2.1.4)"
  - "GoogleToolboxForMac/NSString+URLArguments (2.1.4)"
  - GoogleUtilities (1.3.2):
    - GoogleSymbolUtilities (~> 1.1)
  - GTMOAuth2 (1.1.6):
    - GTMSessionFetcher (~> 1.1)
  - GTMSessionFetcher (1.2.0):
    - GTMSessionFetcher/Full (= 1.2.0)
  - GTMSessionFetcher/Core (1.2.0)
  - GTMSessionFetcher/Full (1.2.0):
    - GTMSessionFetcher/Core (= 1.2.0)
  - IQKeyboardManagerSwift (6.1.1)
  - MKRingProgressView (2.0.1)
  - NVActivityIndicatorView (4.3.0):
    - NVActivityIndicatorView/Presenter (= 4.3.0)
  - NVActivityIndicatorView/Presenter (4.3.0)
  - Realm (3.7.5):
    - Realm/Headers (= 3.7.5)
  - Realm/Headers (3.7.5)
  - RealmSwift (3.7.5):
    - Realm (= 3.7.5)
  - SWRevealViewController (2.3.0)

DEPENDENCIES:
  - AWSCognitoIdentityProvider
  - AWSDynamoDB
  - AWSPinpoint
  - AWSS3
  - DeviceKit
  - EPSignature
  - Google/Analytics
  - Google/CloudMessaging
  - GoogleAPIClientForREST/Calendar
  - GooglePlacePicker
  - GoogleSignIn
  - IQKeyboardManagerSwift
  - MKRingProgressView
  - NVActivityIndicatorView
  - RealmSwift
  - SWRevealViewController

SPEC REPOS:
  https://github.com/cocoapods/specs.git:
    - AWSCognitoIdentityProvider
    - AWSCognitoIdentityProviderASF
    - AWSCore
    - AWSDynamoDB
    - AWSPinpoint
    - AWSS3
    - DeviceKit
    - EPSignature
    - GGLInstanceID
    - Google
    - GoogleAnalytics
    - GoogleAPIClientForREST
    - GoogleCloudMessaging
    - GoogleInterchangeUtilities
    - GoogleIPhoneUtilities
    - GoogleMaps
    - GoogleNetworkingUtilities
    - GooglePlacePicker
    - GooglePlaces
    - GoogleSignIn
    - GoogleSymbolUtilities
    - GoogleToolboxForMac
    - GoogleUtilities
    - GTMOAuth2
    - GTMSessionFetcher
    - IQKeyboardManagerSwift
    - MKRingProgressView
    - NVActivityIndicatorView
    - Realm
    - RealmSwift
    - SWRevealViewController

SPEC CHECKSUMS:
  AWSCognitoIdentityProvider: 5be311431518b6630de040fbf62e1b4f2a71694b
  AWSCognitoIdentityProviderASF: f94f1a502e72ef3d0a1de93e10bf7a79c8698118
  AWSCore: 0177bb7e5616d967277b398e7a05ed7a228e6158
  AWSDynamoDB: 5a0f36b83c5bbca7403f74a4b8de33d384e23b33
  AWSPinpoint: c7c985dc5242c3fd716aa0a099ce7ba2a535fc5a
  AWSS3: 4d857a223704bd956e91a659aec17ba1896ee0a9
  DeviceKit: 6a5bdeb103c03757bb94aef1ccb01e08bc8ef4ee
  EPSignature: 3fa3b520c80717b98019723faa60a41794b03fbc
  GGLInstanceID: 4a317044f744281b82cd03015f379899f277cad3
  Google: d536877ec602555b755cc28ce6fed104825c693c
  GoogleAnalytics: f42cc53a87a51fe94334821868d9c8481ff47a7b
  GoogleAPIClientForREST: b4c23f6ec9b8c29419d0377168007963d0e25551
  GoogleCloudMessaging: 2f503711dac162dc08c0c418643210793335eca2
  GoogleInterchangeUtilities: d5bc4d88d5b661ab72f9d70c58d02ca8c27ad1f7
  GoogleIPhoneUtilities: 63f25e93a3ddcb66884d182aab3a660d98f1479b
  GoogleMaps: f79af95cb24d869457b1f961c93d3ce8b2f3b848
  GoogleNetworkingUtilities: 3edd3a8161347494f2da60ea0deddc8a472d94cb
  GooglePlacePicker: 59ea44db173c58486ad6123993e81feefcbce9c3
  GooglePlaces: 3d06e6c99654545b4738ce49648745779c25f2ef
  GoogleSignIn: d9ef55b10f0aa401a5de2747f59b725e4b9732ac
  GoogleSymbolUtilities: 631ee17048aa5e9ab133470d768ea997a5ef9b96
  GoogleToolboxForMac: 91c824d21e85b31c2aae9bb011c5027c9b4e738f
  GoogleUtilities: 8bbc733218aad26306f9d4a253823986110e3358
  GTMOAuth2: c77fe325e4acd453837e72d91e3b5f13116857b2
  GTMSessionFetcher: 0c4baf0a73acd0041bf9f71ea018deedab5ea84e
  IQKeyboardManagerSwift: 977affaeb4d6e971975c7790a6850f31d38f1207
  MKRingProgressView: a2adeddfff0ea03f0fb7f8b108f3f77176db3bb5
  NVActivityIndicatorView: 963f62bf9f993fcf23218e55958e5b1761b9504c
  Realm: c286caf4dbf346ce24aad49ca76c7ce622d4a082
  RealmSwift: 2a9281e37d6de55f66f76254d49d28aeb1b729e4
  SWRevealViewController: 6d3fd97f70112fd7cef9de14df4260eacce4c63a

PODFILE CHECKSUM: 2703d2ddd5253f5e29ec2f54b2d4fca67ba76bd4

COCOAPODS: 1.5.2
